# This file was autogenerated by uv via the following command:
#    uv pip compile pyproject.toml --output-file requirements.lock
annotated-types==0.7.0
    # via pydantic
anthropic==0.68.0
    # via genai-cookbook (pyproject.toml)
anyio==4.10.0
    # via
    #   anthropic
    #   httpx
    #   openai
certifi==2025.8.3
    # via
    #   httpcore
    #   httpx
    #   requests
charset-normalizer==3.4.3
    # via requests
distro==1.9.0
    # via
    #   anthropic
    #   openai
docstring-parser==0.17.0
    # via anthropic
h11==0.16.0
    # via httpcore
httpcore==1.0.9
    # via httpx
httpx==0.28.1
    # via
    #   anthropic
    #   langsmith
    #   openai
idna==3.10
    # via
    #   anyio
    #   httpx
    #   requests
jiter==0.11.0
    # via
    #   anthropic
    #   openai
jsonpatch==1.33
    # via langchain-core
jsonpointer==3.0.0
    # via jsonpatch
langchain==0.3.27
    # via genai-cookbook (pyproject.toml)
langchain-core==0.3.76
    # via
    #   langchain
    #   langchain-text-splitters
langchain-text-splitters==0.3.11
    # via langchain
langsmith==0.4.29
    # via
    #   langchain
    #   langchain-core
openai==1.108.1
    # via genai-cookbook (pyproject.toml)
orjson==3.11.3
    # via langsmith
packaging==25.0
    # via
    #   langchain-core
    #   langsmith
pydantic==2.11.9
    # via
    #   anthropic
    #   langchain
    #   langchain-core
    #   langsmith
    #   openai
pydantic-core==2.33.2
    # via pydantic
pyyaml==6.0.2
    # via
    #   langchain
    #   langchain-core
regex==2025.9.18
    # via tiktoken
requests==2.32.5
    # via
    #   langchain
    #   langsmith
    #   requests-toolbelt
    #   tiktoken
requests-toolbelt==1.0.0
    # via langsmith
sniffio==1.3.1
    # via
    #   anthropic
    #   anyio
    #   openai
sqlalchemy==2.0.43
    # via langchain
tenacity==9.1.2
    # via langchain-core
tiktoken==0.11.0
    # via genai-cookbook (pyproject.toml)
tqdm==4.67.1
    # via openai
typing-extensions==4.15.0
    # via
    #   anthropic
    #   langchain-core
    #   openai
    #   pydantic
    #   pydantic-core
    #   sqlalchemy
    #   typing-inspection
typing-inspection==0.4.1
    # via pydantic
urllib3==2.5.0
    # via requests
zstandard==0.25.0
    # via langsmith
